
Microsoft Visual Studio Solution File, Format Version 12.00
# Visual Studio Version 16
VisualStudioVersion = 25.0.1706.13
MinimumVisualStudioVersion = 10.0.40219.1
Project("{FAE04EC0-301F-11D3-BF4B-00C04F79EFBC}") = "testQuiz", "testQuiz.csproj", "{4C1EC4B0-3652-4A5F-80A8-1B5E4C285F3A}"
EndProject
Global
	GlobalSection(SolutionConfigurationPlatforms) = preSolution
		Debug|Any CPU = Debug|Any CPU
		Release|Any CPU = Release|Any CPU
	EndGlobalSection
	GlobalSection(ProjectConfigurationPlatforms) = postSolution
		{4C1EC4B0-3652-4A5F-80A8-1B5E4C285F3A}.Debug|Any CPU.ActiveCfg = Debug|Any CPU
		{4C1EC4B0-3652-4A5F-80A8-1B5E4C285F3A}.Debug|Any CPU.Build.0 = Debug|Any CPU
		{4C1EC4B0-3652-4A5F-80A8-1B5E4C285F3A}.Release|Any CPU.ActiveCfg = Release|Any CPU
		{4C1EC4B0-3652-4A5F-80A8-1B5E4C285F3A}.Release|Any CPU.Build.0 = Release|Any CPU
	EndGlobalSection
	GlobalSection(SolutionProperties) = preSolution
		HideSolutionNode = FALSE
	EndGlobalSection
	GlobalSection(ExtensibilityGlobals) = postSolution
		SolutionGuid = {EAB2AF06-47BC-49DA-8B39-D90FCB52D498}
	EndGlobalSection
EndGlobal
